PODS:
  - SnapKit (4.0.1)
  - YangNavigationHelper (1.2.0)

DEPENDENCIES:
  - SnapKit
  - YangNavigationHelper (from `../`)

SPEC REPOS:
  https://github.com/cocoapods/specs.git:
    - SnapKit

EXTERNAL SOURCES:
  YangNavigationHelper:
    :path: "../"

SPEC CHECKSUMS:
  SnapKit: 0de968a9fec17499afa29683b05d0c775b6d1c29
  YangNavigationHelper: 1f868accd15d68d0302ef934454802eed6675283

PODFILE CHECKSUM: dea7410c35c594e15db6dc35ae9ad13dbb1042ac

COCOAPODS: 1.5.3
